
Microsoft Visual Studio Solution File, Format Version 12.00
# Visual Studio 15
VisualStudioVersion = 15.0.28010.2041
MinimumVisualStudioVersion = 10.0.40219.1
Project("{FAE04EC0-301F-11D3-BF4B-00C04F79EFBC}") = "WebApplication4", "WebApplication4\WebApplication4.csproj", "{7E6438CB-57D3-4DE2-99B6-3067F188EADA}"
EndProject
Global
	GlobalSection(SolutionConfigurationPlatforms) = preSolution
		Debug|Any CPU = Debug|Any CPU
		Release|Any CPU = Release|Any CPU
	EndGlobalSection
	GlobalSection(ProjectConfigurationPlatforms) = postSolution
		{7E6438CB-57D3-4DE2-99B6-3067F188EADA}.Debug|Any CPU.ActiveCfg = Debug|Any CPU
		{7E6438CB-57D3-4DE2-99B6-3067F188EADA}.Debug|Any CPU.Build.0 = Debug|Any CPU
		{7E6438CB-57D3-4DE2-99B6-3067F188EADA}.Release|Any CPU.ActiveCfg = Release|Any CPU
		{7E6438CB-57D3-4DE2-99B6-3067F188EADA}.Release|Any CPU.Build.0 = Release|Any CPU
	EndGlobalSection
	GlobalSection(SolutionProperties) = preSolution
		HideSolutionNode = FALSE
	EndGlobalSection
	GlobalSection(ExtensibilityGlobals) = postSolution
		SolutionGuid = {8F118E2C-4274-4CAB-A369-BD4CFF3F9A68}
	EndGlobalSection
EndGlobal
